
Microsoft Visual Studio Solution File, Format Version 12.00
Project("{FAE04EC0-301F-11D3-BF4B-00C04F79EFBC}") = "BlazorLeafletInterop", "BlazorLeafletInterop\BlazorLeafletInterop.csproj", "{D5241E7D-FACB-4411-B1B7-F0BE1CF47C27}"
EndProject
Project("{FAE04EC0-301F-11D3-BF4B-00C04F79EFBC}") = "ExampleApp", "ExampleApp\ExampleApp.csproj", "{49D9E1AA-B891-4241-92DC-A5ADAF1AAD6D}"
EndProject
Global
	GlobalSection(SolutionConfigurationPlatforms) = preSolution
		Debug|Any CPU = Debug|Any CPU
		Release|Any CPU = Release|Any CPU
	EndGlobalSection
	GlobalSection(ProjectConfigurationPlatforms) = postSolution
		{D5241E7D-FACB-4411-B1B7-F0BE1CF47C27}.Debug|Any CPU.ActiveCfg = Debug|Any CPU
		{D5241E7D-FACB-4411-B1B7-F0BE1CF47C27}.Debug|Any CPU.Build.0 = Debug|Any CPU
		{D5241E7D-FACB-4411-B1B7-F0BE1CF47C27}.Release|Any CPU.ActiveCfg = Release|Any CPU
		{D5241E7D-FACB-4411-B1B7-F0BE1CF47C27}.Release|Any CPU.Build.0 = Release|Any CPU
		{49D9E1AA-B891-4241-92DC-A5ADAF1AAD6D}.Debug|Any CPU.ActiveCfg = Debug|Any CPU
		{49D9E1AA-B891-4241-92DC-A5ADAF1AAD6D}.Debug|Any CPU.Build.0 = Debug|Any CPU
		{49D9E1AA-B891-4241-92DC-A5ADAF1AAD6D}.Release|Any CPU.ActiveCfg = Release|Any CPU
		{49D9E1AA-B891-4241-92DC-A5ADAF1AAD6D}.Release|Any CPU.Build.0 = Release|Any CPU
	EndGlobalSection
EndGlobal
