{
  "name": "BlazorLeafletInterop",
  "lockfileVersion": 3,
  "requires": true,
  "packages": {
    "": {
      "dependencies": {
        "@types/leaflet": "^1.9.6",
        "leaflet": "^1.9.4"
      }
    },
    "node_modules/@types/geojson": {
      "version": "7946.0.11",
      "resolved": "https://registry.npmjs.org/@types/geojson/-/geojson-7946.0.11.tgz",
      "integrity": "sha512-L7A0AINMXQpVwxHJ4jxD6/XjZ4NDufaRlUJHjNIFKYUFBH1SvOW+neaqb0VTRSLW5suSrSu19ObFEFnfNcr+qg=="
    },
    "node_modules/@types/leaflet": {
      "version": "1.9.6",
      "resolved": "https://registry.npmjs.org/@types/leaflet/-/leaflet-1.9.6.tgz",
      "integrity": "sha512-HakGTK5LBBWegNWsAmTlG55zN1zszYec7aG47/z6SzT90bW2vqjmbqk3YKAbrtveO+G7fSTKTYqVbIwAFnTrbg==",
      "dependencies": {
        "@types/geojson": "*"
      }
    },
    "node_modules/leaflet": {
      "version": "1.9.4",
      "resolved": "https://registry.npmjs.org/leaflet/-/leaflet-1.9.4.tgz",
      "integrity": "sha512-nxS1ynzJOmOlHp+iL3FyWqK89GtNL8U8rvlMOsQdTTssxZwCXh8N2NB3GDQOL+YR3XnWyZAxwQixURb+FA74PA=="
    }
  }
}
